
Microsoft Visual Studio Solution File, Format Version 12.00
# Visual Studio 15
VisualStudioVersion = 15.0.28307.1000
MinimumVisualStudioVersion = 10.0.40219.1
Project("{FAE04EC0-301F-11D3-BF4B-00C04F79EFBC}") = "MVCDemo", "MVCDemo\MVCDemo.csproj", "{C28DC0E7-D29F-430A-8BA8-4E4611740DFA}"
EndProject
Global
	GlobalSection(SolutionConfigurationPlatforms) = preSolution
		Debug|Any CPU = Debug|Any CPU
		Release|Any CPU = Release|Any CPU
	EndGlobalSection
	GlobalSection(ProjectConfigurationPlatforms) = postSolution
		{C28DC0E7-D29F-430A-8BA8-4E4611740DFA}.Debug|Any CPU.ActiveCfg = Debug|Any CPU
		{C28DC0E7-D29F-430A-8BA8-4E4611740DFA}.Debug|Any CPU.Build.0 = Debug|Any CPU
		{C28DC0E7-D29F-430A-8BA8-4E4611740DFA}.Release|Any CPU.ActiveCfg = Release|Any CPU
		{C28DC0E7-D29F-430A-8BA8-4E4611740DFA}.Release|Any CPU.Build.0 = Release|Any CPU
	EndGlobalSection
	GlobalSection(SolutionProperties) = preSolution
		HideSolutionNode = FALSE
	EndGlobalSection
	GlobalSection(ExtensibilityGlobals) = postSolution
		SolutionGuid = {D63E3993-AD55-45AD-832A-080D8A75D340}
	EndGlobalSection
EndGlobal
